{
    "_readme": [
        "This file locks the dependencies of your project to a known state",
        "Read more about it at https://getcomposer.org/doc/01-basic-usage.md#composer-lock-the-lock-file",
        "This file is @generated automatically"
    ],
    "hash": "02d7d10b805876d6583b1597db8639cb",
    "content-hash": "dfbd556ab421573b79f04a3c5b14edaa",
    "packages": [
        {
            "name": "ktamas77/firebase-php",
            "version": "dev-master",
            "source": {
                "type": "git",
                "url": "https://github.com/ktamas77/firebase-php.git",
                "reference": "915fcac8a3e4e1ba457ab0cd0801255ce41445c5"
            },
            "dist": {
                "type": "zip",
                "url": "https://api.github.com/repos/ktamas77/firebase-php/zipball/915fcac8a3e4e1ba457ab0cd0801255ce41445c5",
                "reference": "915fcac8a3e4e1ba457ab0cd0801255ce41445c5",
                "shasum": ""
            },
            "require": {
                "php": ">=5.3.0"
            },
            "type": "library",
            "autoload": {
                "classmap": [
                    "src"
                ]
            },
            "notification-url": "https://packagist.org/downloads/",
            "license": [
                "MIT"
            ],
            "authors": [
                {
                    "name": "Tamas Kalman",
                    "email": "ktamas77@gmail.com"
                }
            ],
            "description": "Firebase PHP Client",
            "homepage": "https://github.com/ktamas77/firebase-php",
            "keywords": [
                "firebase",
                "rest",
                "wrapper"
            ],
            "time": "2016-06-14 20:11:14"
        }
    ],
    "packages-dev": [],
    "aliases": [],
    "minimum-stability": "stable",
    "stability-flags": {
        "ktamas77/firebase-php": 20
    },
    "prefer-stable": false,
    "prefer-lowest": false,
    "platform": [],
    "platform-dev": []
}
